
Microsoft Visual Studio Solution File, Format Version 12.00
# Visual Studio Version 16
VisualStudioVersion = 16.0.31205.134
MinimumVisualStudioVersion = 10.0.40219.1
Project("{FAE04EC0-301F-11D3-BF4B-00C04F79EFBC}") = "WishList_WebApi", "WishList_WebApi\WishList_WebApi.csproj", "{B1601DFF-B8E8-42E8-9447-20DEB8701945}"
EndProject
Global
	GlobalSection(SolutionConfigurationPlatforms) = preSolution
		Debug|Any CPU = Debug|Any CPU
		Release|Any CPU = Release|Any CPU
	EndGlobalSection
	GlobalSection(ProjectConfigurationPlatforms) = postSolution
		{B1601DFF-B8E8-42E8-9447-20DEB8701945}.Debug|Any CPU.ActiveCfg = Debug|Any CPU
		{B1601DFF-B8E8-42E8-9447-20DEB8701945}.Debug|Any CPU.Build.0 = Debug|Any CPU
		{B1601DFF-B8E8-42E8-9447-20DEB8701945}.Release|Any CPU.ActiveCfg = Release|Any CPU
		{B1601DFF-B8E8-42E8-9447-20DEB8701945}.Release|Any CPU.Build.0 = Release|Any CPU
	EndGlobalSection
	GlobalSection(SolutionProperties) = preSolution
		HideSolutionNode = FALSE
	EndGlobalSection
	GlobalSection(ExtensibilityGlobals) = postSolution
		SolutionGuid = {61C1B828-3812-4507-87B1-4A70AA07AEAA}
	EndGlobalSection
EndGlobal
